
Microsoft Visual Studio Solution File, Format Version 12.00
# Visual Studio Version 17
VisualStudioVersion = 17.10.35013.160
MinimumVisualStudioVersion = 10.0.40219.1
Project("{9A19103F-16F7-4668-BE54-9A1E7A4F7556}") = "FinalFractalSet", "FinalFractalSet.csproj", "{62E4805E-3A27-4519-B702-AF9A545CAF91}"
EndProject
Global
	GlobalSection(SolutionConfigurationPlatforms) = preSolution
		Debug|Any CPU = Debug|Any CPU
		Release|Any CPU = Release|Any CPU
	EndGlobalSection
	GlobalSection(ProjectConfigurationPlatforms) = postSolution
		{62E4805E-3A27-4519-B702-AF9A545CAF91}.Debug|Any CPU.ActiveCfg = Debug|Any CPU
		{62E4805E-3A27-4519-B702-AF9A545CAF91}.Debug|Any CPU.Build.0 = Debug|Any CPU
		{62E4805E-3A27-4519-B702-AF9A545CAF91}.Release|Any CPU.ActiveCfg = Release|Any CPU
		{62E4805E-3A27-4519-B702-AF9A545CAF91}.Release|Any CPU.Build.0 = Release|Any CPU
		{E4C79121-92EF-4A86-93EE-86E85D3ABA29}.Debug|Any CPU.ActiveCfg = Debug|Any CPU
		{E4C79121-92EF-4A86-93EE-86E85D3ABA29}.Debug|Any CPU.Build.0 = Debug|Any CPU
		{E4C79121-92EF-4A86-93EE-86E85D3ABA29}.Release|Any CPU.ActiveCfg = Release|Any CPU
		{E4C79121-92EF-4A86-93EE-86E85D3ABA29}.Release|Any CPU.Build.0 = Release|Any CPU
	EndGlobalSection
	GlobalSection(SolutionProperties) = preSolution
		HideSolutionNode = FALSE
	EndGlobalSection
	GlobalSection(ExtensibilityGlobals) = postSolution
		SolutionGuid = {6A0402EB-EF2E-4105-894D-10B46AC841EB}
	EndGlobalSection
EndGlobal
